{
  "name": "fivem-prometheus",
  "version": "0.1.0",
  "lockfileVersion": 1,
  "requires": true,
  "dependencies": {
    "bintrees": {
      "version": "1.0.1",
      "resolved": "https://registry.npmjs.org/bintrees/-/bintrees-1.0.1.tgz",
      "integrity": "sha1-DmVcm5wkNeqraL9AJyJtK1WjRSQ="
    },
    "prom-client": {
      "version": "11.1.1",
      "resolved": "https://registry.npmjs.org/prom-client/-/prom-client-11.1.1.tgz",
      "integrity": "sha512-itUicyrq3Rko56v3ovQAMYwxEouK7lIylp26bjnlt1b/3fzn783riZnZn432I4udYmPsRgNx1F/u9RFvLyH7zA==",
      "requires": {
        "tdigest": "0.1.1"
      }
    },
    "tdigest": {
      "version": "0.1.1",
      "resolved": "https://registry.npmjs.org/tdigest/-/tdigest-0.1.1.tgz",
      "integrity": "sha1-Ljyyw56kSeVdHmzZEReszKRYgCE=",
      "requires": {
        "bintrees": "1.0.1"
      }
    }
  }
}
